
Microsoft Visual Studio Solution File, Format Version 12.00
# Visual Studio 14
VisualStudioVersion = 14.0.25420.1
MinimumVisualStudioVersion = 10.0.40219.1
Project("{FAE04EC0-301F-11D3-BF4B-00C04F79EFBC}") = "Amigo.Tenant.Mobile", "Amigo.Tenant.Mobile\Amigo.Tenant.Mobile.csproj", "{D05A3150-45C5-4C6E-B5CF-D618127EEEF1}"
EndProject
Project("{FAE04EC0-301F-11D3-BF4B-00C04F79EFBC}") = "Amigo.Tenant.Mobile.Droid", "Amigo.Tenant.Mobile.Droid\Amigo.Tenant.Mobile.Droid.csproj", "{507A3CE6-4B10-4065-94B3-F59B89E3E4FC}"
EndProject
Project("{2150E333-8FDC-42A3-9474-1A3956D46DE8}") = "1. Presentation layer", "1. Presentation layer", "{D5BAB782-F46D-4015-9D43-3506DB1A179B}"
EndProject
Project("{2150E333-8FDC-42A3-9474-1A3956D46DE8}") = "2. Bussines Layer", "2. Bussines Layer", "{B3A381C6-1448-4D5B-A295-64C36DF9DB93}"
EndProject
Project("{2150E333-8FDC-42A3-9474-1A3956D46DE8}") = "3. Infrastructure", "3. Infrastructure", "{8D5146B1-66C8-4F65-A4B4-7B6A30A8A765}"
EndProject
Project("{2150E333-8FDC-42A3-9474-1A3956D46DE8}") = "4. Tests", "4. Tests", "{A358A4EA-71BC-4838-A991-13EB3F83ADF0}"
EndProject
Project("{FAE04EC0-301F-11D3-BF4B-00C04F79EFBC}") = "Amigo.Tenant.Mobile.iOS", "Amigo.Tenant.Mobile.iOS\Amigo.Tenant.Mobile.iOS.csproj", "{7F4AAB8B-1079-470A-A780-51E1DE947C60}"
EndProject
Project("{FAE04EC0-301F-11D3-BF4B-00C04F79EFBC}") = "Amigo.Tenant.Mobile.Entity", "Amigo.Tenant.Mobile.Entity\Amigo.Tenant.Mobile.Entity.csproj", "{56830CF6-E58F-4E42-A908-A78A1F6AA62E}"
EndProject
Project("{FAE04EC0-301F-11D3-BF4B-00C04F79EFBC}") = "Amigo.Tenant.Mobile.Domain", "Amigo.Tenant.Mobile.Domain\Amigo.Tenant.Mobile.Domain.csproj", "{E10F53E6-DC72-42DC-A3AF-9505D715BA59}"
EndProject
Project("{FAE04EC0-301F-11D3-BF4B-00C04F79EFBC}") = "Amigo.Tenant.Mobile.Infrastructure", "Amigo.Tenant.Mobile.Infrastructure\Amigo.Tenant.Mobile.Infrastructure.csproj", "{39468558-027B-4C70-926F-31F0598CB95A}"
EndProject
Project("{FAE04EC0-301F-11D3-BF4B-00C04F79EFBC}") = "Amigo.Tenant.Mobile.UnitTest", "Amigo.Tenant.Mobile.UnitTest\Amigo.Tenant.Mobile.UnitTest.csproj", "{067456C0-086C-46A8-B37F-1405717B7BFC}"
EndProject
Project("{2150E333-8FDC-42A3-9474-1A3956D46DE8}") = ".nuget", ".nuget", "{793842D5-2F7D-485B-8663-E801B279A880}"
	ProjectSection(SolutionItems) = preProject
		.nuget\NuGet.Config = .nuget\NuGet.Config
	EndProjectSection
EndProject
Project("{FAE04EC0-301F-11D3-BF4B-00C04F79EFBC}") = "Amigo.Tenant.Application.DTOs", "Amigo.Tenant.Application.DTOs\Amigo.Tenant.Application.DTOs.csproj", "{E24205A2-8839-4AD1-AA3A-1F5CB0A5B586}"
EndProject
Project("{2150E333-8FDC-42A3-9474-1A3956D46DE8}") = "Solution Items", "Solution Items", "{FCF0C068-C92B-4B6D-80AF-4CCC9908CCA7}"
	ProjectSection(SolutionItems) = preProject
		CodeCoverage.runsettings = CodeCoverage.runsettings
	EndProjectSection
EndProject
Project("{FAE04EC0-301F-11D3-BF4B-00C04F79EFBC}") = "Amigo.Tenant.Mobile.Common", "Amigo.Tenant.Mobile.Common\Amigo.Tenant.Mobile.Common.csproj", "{D4FA52FC-6491-4D17-BC9C-F75398FDAF00}"
EndProject
Project("{FAE04EC0-301F-11D3-BF4B-00C04F79EFBC}") = "Amigo.Tenant.Mobile.UITesting", "Amigo.Tenant.Mobile.UITesting\Amigo.Tenant.Mobile.UITesting.csproj", "{7BB422B1-70A2-43D9-A5FF-0DF0E22697CB}"
EndProject
Global
	GlobalSection(SolutionConfigurationPlatforms) = preSolution
		Ad-Hoc|Any CPU = Ad-Hoc|Any CPU
		Ad-Hoc|iPhone = Ad-Hoc|iPhone
		Ad-Hoc|iPhoneSimulator = Ad-Hoc|iPhoneSimulator
		AppStore|Any CPU = AppStore|Any CPU
		AppStore|iPhone = AppStore|iPhone
		AppStore|iPhoneSimulator = AppStore|iPhoneSimulator
		Debug|Any CPU = Debug|Any CPU
		Debug|iPhone = Debug|iPhone
		Debug|iPhoneSimulator = Debug|iPhoneSimulator
		Release|Any CPU = Release|Any CPU
		Release|iPhone = Release|iPhone
		Release|iPhoneSimulator = Release|iPhoneSimulator
	EndGlobalSection
	GlobalSection(ProjectConfigurationPlatforms) = postSolution
		{D05A3150-45C5-4C6E-B5CF-D618127EEEF1}.Ad-Hoc|Any CPU.ActiveCfg = Release|Any CPU
		{D05A3150-45C5-4C6E-B5CF-D618127EEEF1}.Ad-Hoc|Any CPU.Build.0 = Release|Any CPU
		{D05A3150-45C5-4C6E-B5CF-D618127EEEF1}.Ad-Hoc|iPhone.ActiveCfg = Release|Any CPU
		{D05A3150-45C5-4C6E-B5CF-D618127EEEF1}.Ad-Hoc|iPhone.Build.0 = Release|Any CPU
		{D05A3150-45C5-4C6E-B5CF-D618127EEEF1}.Ad-Hoc|iPhoneSimulator.ActiveCfg = Release|Any CPU
		{D05A3150-45C5-4C6E-B5CF-D618127EEEF1}.Ad-Hoc|iPhoneSimulator.Build.0 = Release|Any CPU
		{D05A3150-45C5-4C6E-B5CF-D618127EEEF1}.AppStore|Any CPU.ActiveCfg = Release|Any CPU
		{D05A3150-45C5-4C6E-B5CF-D618127EEEF1}.AppStore|Any CPU.Build.0 = Release|Any CPU
		{D05A3150-45C5-4C6E-B5CF-D618127EEEF1}.AppStore|iPhone.ActiveCfg = Release|Any CPU
		{D05A3150-45C5-4C6E-B5CF-D618127EEEF1}.AppStore|iPhone.Build.0 = Release|Any CPU
		{D05A3150-45C5-4C6E-B5CF-D618127EEEF1}.AppStore|iPhoneSimulator.ActiveCfg = Release|Any CPU
		{D05A3150-45C5-4C6E-B5CF-D618127EEEF1}.AppStore|iPhoneSimulator.Build.0 = Release|Any CPU
		{D05A3150-45C5-4C6E-B5CF-D618127EEEF1}.Debug|Any CPU.ActiveCfg = Debug|Any CPU
		{D05A3150-45C5-4C6E-B5CF-D618127EEEF1}.Debug|Any CPU.Build.0 = Debug|Any CPU
		{D05A3150-45C5-4C6E-B5CF-D618127EEEF1}.Debug|iPhone.ActiveCfg = Debug|Any CPU
		{D05A3150-45C5-4C6E-B5CF-D618127EEEF1}.Debug|iPhone.Build.0 = Debug|Any CPU
		{D05A3150-45C5-4C6E-B5CF-D618127EEEF1}.Debug|iPhoneSimulator.ActiveCfg = Debug|Any CPU
		{D05A3150-45C5-4C6E-B5CF-D618127EEEF1}.Debug|iPhoneSimulator.Build.0 = Debug|Any CPU
		{D05A3150-45C5-4C6E-B5CF-D618127EEEF1}.Release|Any CPU.ActiveCfg = Release|Any CPU
		{D05A3150-45C5-4C6E-B5CF-D618127EEEF1}.Release|Any CPU.Build.0 = Release|Any CPU
		{D05A3150-45C5-4C6E-B5CF-D618127EEEF1}.Release|iPhone.ActiveCfg = Release|Any CPU
		{D05A3150-45C5-4C6E-B5CF-D618127EEEF1}.Release|iPhone.Build.0 = Release|Any CPU
		{D05A3150-45C5-4C6E-B5CF-D618127EEEF1}.Release|iPhoneSimulator.ActiveCfg = Release|Any CPU
		{D05A3150-45C5-4C6E-B5CF-D618127EEEF1}.Release|iPhoneSimulator.Build.0 = Release|Any CPU
		{507A3CE6-4B10-4065-94B3-F59B89E3E4FC}.Ad-Hoc|Any CPU.ActiveCfg = Release|Any CPU
		{507A3CE6-4B10-4065-94B3-F59B89E3E4FC}.Ad-Hoc|Any CPU.Build.0 = Release|Any CPU
		{507A3CE6-4B10-4065-94B3-F59B89E3E4FC}.Ad-Hoc|Any CPU.Deploy.0 = Release|Any CPU
		{507A3CE6-4B10-4065-94B3-F59B89E3E4FC}.Ad-Hoc|iPhone.ActiveCfg = Release|Any CPU
		{507A3CE6-4B10-4065-94B3-F59B89E3E4FC}.Ad-Hoc|iPhone.Build.0 = Release|Any CPU
		{507A3CE6-4B10-4065-94B3-F59B89E3E4FC}.Ad-Hoc|iPhone.Deploy.0 = Release|Any CPU
		{507A3CE6-4B10-4065-94B3-F59B89E3E4FC}.Ad-Hoc|iPhoneSimulator.ActiveCfg = Release|Any CPU
		{507A3CE6-4B10-4065-94B3-F59B89E3E4FC}.Ad-Hoc|iPhoneSimulator.Build.0 = Release|Any CPU
		{507A3CE6-4B10-4065-94B3-F59B89E3E4FC}.Ad-Hoc|iPhoneSimulator.Deploy.0 = Release|Any CPU
		{507A3CE6-4B10-4065-94B3-F59B89E3E4FC}.AppStore|Any CPU.ActiveCfg = Release|Any CPU
		{507A3CE6-4B10-4065-94B3-F59B89E3E4FC}.AppStore|Any CPU.Build.0 = Release|Any CPU
		{507A3CE6-4B10-4065-94B3-F59B89E3E4FC}.AppStore|Any CPU.Deploy.0 = Release|Any CPU
		{507A3CE6-4B10-4065-94B3-F59B89E3E4FC}.AppStore|iPhone.ActiveCfg = Release|Any CPU
		{507A3CE6-4B10-4065-94B3-F59B89E3E4FC}.AppStore|iPhone.Build.0 = Release|Any CPU
		{507A3CE6-4B10-4065-94B3-F59B89E3E4FC}.AppStore|iPhone.Deploy.0 = Release|Any CPU
		{507A3CE6-4B10-4065-94B3-F59B89E3E4FC}.AppStore|iPhoneSimulator.ActiveCfg = Release|Any CPU
		{507A3CE6-4B10-4065-94B3-F59B89E3E4FC}.AppStore|iPhoneSimulator.Build.0 = Release|Any CPU
		{507A3CE6-4B10-4065-94B3-F59B89E3E4FC}.AppStore|iPhoneSimulator.Deploy.0 = Release|Any CPU
		{507A3CE6-4B10-4065-94B3-F59B89E3E4FC}.Debug|Any CPU.ActiveCfg = Debug|Any CPU
		{507A3CE6-4B10-4065-94B3-F59B89E3E4FC}.Debug|Any CPU.Build.0 = Debug|Any CPU
		{507A3CE6-4B10-4065-94B3-F59B89E3E4FC}.Debug|Any CPU.Deploy.0 = Debug|Any CPU
		{507A3CE6-4B10-4065-94B3-F59B89E3E4FC}.Debug|iPhone.ActiveCfg = Debug|Any CPU
		{507A3CE6-4B10-4065-94B3-F59B89E3E4FC}.Debug|iPhone.Build.0 = Debug|Any CPU
		{507A3CE6-4B10-4065-94B3-F59B89E3E4FC}.Debug|iPhone.Deploy.0 = Debug|Any CPU
		{507A3CE6-4B10-4065-94B3-F59B89E3E4FC}.Debug|iPhoneSimulator.ActiveCfg = Debug|Any CPU
		{507A3CE6-4B10-4065-94B3-F59B89E3E4FC}.Debug|iPhoneSimulator.Build.0 = Debug|Any CPU
		{507A3CE6-4B10-4065-94B3-F59B89E3E4FC}.Debug|iPhoneSimulator.Deploy.0 = Debug|Any CPU
		{507A3CE6-4B10-4065-94B3-F59B89E3E4FC}.Release|Any CPU.ActiveCfg = Release|Any CPU
		{507A3CE6-4B10-4065-94B3-F59B89E3E4FC}.Release|Any CPU.Build.0 = Release|Any CPU
		{507A3CE6-4B10-4065-94B3-F59B89E3E4FC}.Release|Any CPU.Deploy.0 = Release|Any CPU
		{507A3CE6-4B10-4065-94B3-F59B89E3E4FC}.Release|iPhone.ActiveCfg = Release|Any CPU
		{507A3CE6-4B10-4065-94B3-F59B89E3E4FC}.Release|iPhone.Build.0 = Release|Any CPU
		{507A3CE6-4B10-4065-94B3-F59B89E3E4FC}.Release|iPhone.Deploy.0 = Release|Any CPU
		{507A3CE6-4B10-4065-94B3-F59B89E3E4FC}.Release|iPhoneSimulator.ActiveCfg = Release|Any CPU
		{507A3CE6-4B10-4065-94B3-F59B89E3E4FC}.Release|iPhoneSimulator.Build.0 = Release|Any CPU
		{507A3CE6-4B10-4065-94B3-F59B89E3E4FC}.Release|iPhoneSimulator.Deploy.0 = Release|Any CPU
		{7F4AAB8B-1079-470A-A780-51E1DE947C60}.Ad-Hoc|Any CPU.ActiveCfg = Ad-Hoc|iPhone
		{7F4AAB8B-1079-470A-A780-51E1DE947C60}.Ad-Hoc|iPhone.ActiveCfg = Ad-Hoc|iPhone
		{7F4AAB8B-1079-470A-A780-51E1DE947C60}.Ad-Hoc|iPhone.Build.0 = Ad-Hoc|iPhone
		{7F4AAB8B-1079-470A-A780-51E1DE947C60}.Ad-Hoc|iPhoneSimulator.ActiveCfg = Ad-Hoc|iPhoneSimulator
		{7F4AAB8B-1079-470A-A780-51E1DE947C60}.Ad-Hoc|iPhoneSimulator.Build.0 = Ad-Hoc|iPhoneSimulator
		{7F4AAB8B-1079-470A-A780-51E1DE947C60}.AppStore|Any CPU.ActiveCfg = AppStore|iPhone
		{7F4AAB8B-1079-470A-A780-51E1DE947C60}.AppStore|iPhone.ActiveCfg = AppStore|iPhone
		{7F4AAB8B-1079-470A-A780-51E1DE947C60}.AppStore|iPhone.Build.0 = AppStore|iPhone
		{7F4AAB8B-1079-470A-A780-51E1DE947C60}.AppStore|iPhoneSimulator.ActiveCfg = AppStore|iPhoneSimulator
		{7F4AAB8B-1079-470A-A780-51E1DE947C60}.AppStore|iPhoneSimulator.Build.0 = AppStore|iPhoneSimulator
		{7F4AAB8B-1079-470A-A780-51E1DE947C60}.Debug|Any CPU.ActiveCfg = Debug|iPhone
		{7F4AAB8B-1079-470A-A780-51E1DE947C60}.Debug|iPhone.ActiveCfg = Debug|iPhone
		{7F4AAB8B-1079-470A-A780-51E1DE947C60}.Debug|iPhone.Build.0 = Debug|iPhone
		{7F4AAB8B-1079-470A-A780-51E1DE947C60}.Debug|iPhoneSimulator.ActiveCfg = Debug|iPhoneSimulator
		{7F4AAB8B-1079-470A-A780-51E1DE947C60}.Debug|iPhoneSimulator.Build.0 = Debug|iPhoneSimulator
		{7F4AAB8B-1079-470A-A780-51E1DE947C60}.Release|Any CPU.ActiveCfg = Release|iPhone
		{7F4AAB8B-1079-470A-A780-51E1DE947C60}.Release|iPhone.ActiveCfg = Release|iPhone
		{7F4AAB8B-1079-470A-A780-51E1DE947C60}.Release|iPhone.Build.0 = Release|iPhone
		{7F4AAB8B-1079-470A-A780-51E1DE947C60}.Release|iPhoneSimulator.ActiveCfg = Release|iPhoneSimulator
		{7F4AAB8B-1079-470A-A780-51E1DE947C60}.Release|iPhoneSimulator.Build.0 = Release|iPhoneSimulator
		{56830CF6-E58F-4E42-A908-A78A1F6AA62E}.Ad-Hoc|Any CPU.ActiveCfg = Release|Any CPU
		{56830CF6-E58F-4E42-A908-A78A1F6AA62E}.Ad-Hoc|Any CPU.Build.0 = Release|Any CPU
		{56830CF6-E58F-4E42-A908-A78A1F6AA62E}.Ad-Hoc|iPhone.ActiveCfg = Release|Any CPU
		{56830CF6-E58F-4E42-A908-A78A1F6AA62E}.Ad-Hoc|iPhone.Build.0 = Release|Any CPU
		{56830CF6-E58F-4E42-A908-A78A1F6AA62E}.Ad-Hoc|iPhoneSimulator.ActiveCfg = Release|Any CPU
		{56830CF6-E58F-4E42-A908-A78A1F6AA62E}.Ad-Hoc|iPhoneSimulator.Build.0 = Release|Any CPU
		{56830CF6-E58F-4E42-A908-A78A1F6AA62E}.AppStore|Any CPU.ActiveCfg = Release|Any CPU
		{56830CF6-E58F-4E42-A908-A78A1F6AA62E}.AppStore|Any CPU.Build.0 = Release|Any CPU
		{56830CF6-E58F-4E42-A908-A78A1F6AA62E}.AppStore|iPhone.ActiveCfg = Release|Any CPU
		{56830CF6-E58F-4E42-A908-A78A1F6AA62E}.AppStore|iPhone.Build.0 = Release|Any CPU
		{56830CF6-E58F-4E42-A908-A78A1F6AA62E}.AppStore|iPhoneSimulator.ActiveCfg = Release|Any CPU
		{56830CF6-E58F-4E42-A908-A78A1F6AA62E}.AppStore|iPhoneSimulator.Build.0 = Release|Any CPU
		{56830CF6-E58F-4E42-A908-A78A1F6AA62E}.Debug|Any CPU.ActiveCfg = Debug|Any CPU
		{56830CF6-E58F-4E42-A908-A78A1F6AA62E}.Debug|Any CPU.Build.0 = Debug|Any CPU
		{56830CF6-E58F-4E42-A908-A78A1F6AA62E}.Debug|iPhone.ActiveCfg = Debug|Any CPU
		{56830CF6-E58F-4E42-A908-A78A1F6AA62E}.Debug|iPhone.Build.0 = Debug|Any CPU
		{56830CF6-E58F-4E42-A908-A78A1F6AA62E}.Debug|iPhoneSimulator.ActiveCfg = Debug|Any CPU
		{56830CF6-E58F-4E42-A908-A78A1F6AA62E}.Debug|iPhoneSimulator.Build.0 = Debug|Any CPU
		{56830CF6-E58F-4E42-A908-A78A1F6AA62E}.Release|Any CPU.ActiveCfg = Release|Any CPU
		{56830CF6-E58F-4E42-A908-A78A1F6AA62E}.Release|Any CPU.Build.0 = Release|Any CPU
		{56830CF6-E58F-4E42-A908-A78A1F6AA62E}.Release|iPhone.ActiveCfg = Release|Any CPU
		{56830CF6-E58F-4E42-A908-A78A1F6AA62E}.Release|iPhone.Build.0 = Release|Any CPU
		{56830CF6-E58F-4E42-A908-A78A1F6AA62E}.Release|iPhoneSimulator.ActiveCfg = Release|Any CPU
		{56830CF6-E58F-4E42-A908-A78A1F6AA62E}.Release|iPhoneSimulator.Build.0 = Release|Any CPU
		{E10F53E6-DC72-42DC-A3AF-9505D715BA59}.Ad-Hoc|Any CPU.ActiveCfg = Release|Any CPU
		{E10F53E6-DC72-42DC-A3AF-9505D715BA59}.Ad-Hoc|Any CPU.Build.0 = Release|Any CPU
		{E10F53E6-DC72-42DC-A3AF-9505D715BA59}.Ad-Hoc|iPhone.ActiveCfg = Release|Any CPU
		{E10F53E6-DC72-42DC-A3AF-9505D715BA59}.Ad-Hoc|iPhone.Build.0 = Release|Any CPU
		{E10F53E6-DC72-42DC-A3AF-9505D715BA59}.Ad-Hoc|iPhoneSimulator.ActiveCfg = Release|Any CPU
		{E10F53E6-DC72-42DC-A3AF-9505D715BA59}.Ad-Hoc|iPhoneSimulator.Build.0 = Release|Any CPU
		{E10F53E6-DC72-42DC-A3AF-9505D715BA59}.AppStore|Any CPU.ActiveCfg = Release|Any CPU
		{E10F53E6-DC72-42DC-A3AF-9505D715BA59}.AppStore|Any CPU.Build.0 = Release|Any CPU
		{E10F53E6-DC72-42DC-A3AF-9505D715BA59}.AppStore|iPhone.ActiveCfg = Release|Any CPU
		{E10F53E6-DC72-42DC-A3AF-9505D715BA59}.AppStore|iPhone.Build.0 = Release|Any CPU
		{E10F53E6-DC72-42DC-A3AF-9505D715BA59}.AppStore|iPhoneSimulator.ActiveCfg = Release|Any CPU
		{E10F53E6-DC72-42DC-A3AF-9505D715BA59}.AppStore|iPhoneSimulator.Build.0 = Release|Any CPU
		{E10F53E6-DC72-42DC-A3AF-9505D715BA59}.Debug|Any CPU.ActiveCfg = Debug|Any CPU
		{E10F53E6-DC72-42DC-A3AF-9505D715BA59}.Debug|Any CPU.Build.0 = Debug|Any CPU
		{E10F53E6-DC72-42DC-A3AF-9505D715BA59}.Debug|iPhone.ActiveCfg = Debug|Any CPU
		{E10F53E6-DC72-42DC-A3AF-9505D715BA59}.Debug|iPhone.Build.0 = Debug|Any CPU
		{E10F53E6-DC72-42DC-A3AF-9505D715BA59}.Debug|iPhoneSimulator.ActiveCfg = Debug|Any CPU
		{E10F53E6-DC72-42DC-A3AF-9505D715BA59}.Debug|iPhoneSimulator.Build.0 = Debug|Any CPU
		{E10F53E6-DC72-42DC-A3AF-9505D715BA59}.Release|Any CPU.ActiveCfg = Release|Any CPU
		{E10F53E6-DC72-42DC-A3AF-9505D715BA59}.Release|Any CPU.Build.0 = Release|Any CPU
		{E10F53E6-DC72-42DC-A3AF-9505D715BA59}.Release|iPhone.ActiveCfg = Release|Any CPU
		{E10F53E6-DC72-42DC-A3AF-9505D715BA59}.Release|iPhone.Build.0 = Release|Any CPU
		{E10F53E6-DC72-42DC-A3AF-9505D715BA59}.Release|iPhoneSimulator.ActiveCfg = Release|Any CPU
		{E10F53E6-DC72-42DC-A3AF-9505D715BA59}.Release|iPhoneSimulator.Build.0 = Release|Any CPU
		{39468558-027B-4C70-926F-31F0598CB95A}.Ad-Hoc|Any CPU.ActiveCfg = Release|Any CPU
		{39468558-027B-4C70-926F-31F0598CB95A}.Ad-Hoc|Any CPU.Build.0 = Release|Any CPU
		{39468558-027B-4C70-926F-31F0598CB95A}.Ad-Hoc|iPhone.ActiveCfg = Release|Any CPU
		{39468558-027B-4C70-926F-31F0598CB95A}.Ad-Hoc|iPhone.Build.0 = Release|Any CPU
		{39468558-027B-4C70-926F-31F0598CB95A}.Ad-Hoc|iPhoneSimulator.ActiveCfg = Release|Any CPU
		{39468558-027B-4C70-926F-31F0598CB95A}.Ad-Hoc|iPhoneSimulator.Build.0 = Release|Any CPU
		{39468558-027B-4C70-926F-31F0598CB95A}.AppStore|Any CPU.ActiveCfg = Release|Any CPU
		{39468558-027B-4C70-926F-31F0598CB95A}.AppStore|Any CPU.Build.0 = Release|Any CPU
		{39468558-027B-4C70-926F-31F0598CB95A}.AppStore|iPhone.ActiveCfg = Release|Any CPU
		{39468558-027B-4C70-926F-31F0598CB95A}.AppStore|iPhone.Build.0 = Release|Any CPU
		{39468558-027B-4C70-926F-31F0598CB95A}.AppStore|iPhoneSimulator.ActiveCfg = Release|Any CPU
		{39468558-027B-4C70-926F-31F0598CB95A}.AppStore|iPhoneSimulator.Build.0 = Release|Any CPU
		{39468558-027B-4C70-926F-31F0598CB95A}.Debug|Any CPU.ActiveCfg = Debug|Any CPU
		{39468558-027B-4C70-926F-31F0598CB95A}.Debug|Any CPU.Build.0 = Debug|Any CPU
		{39468558-027B-4C70-926F-31F0598CB95A}.Debug|iPhone.ActiveCfg = Debug|Any CPU
		{39468558-027B-4C70-926F-31F0598CB95A}.Debug|iPhone.Build.0 = Debug|Any CPU
		{39468558-027B-4C70-926F-31F0598CB95A}.Debug|iPhoneSimulator.ActiveCfg = Debug|Any CPU
		{39468558-027B-4C70-926F-31F0598CB95A}.Debug|iPhoneSimulator.Build.0 = Debug|Any CPU
		{39468558-027B-4C70-926F-31F0598CB95A}.Release|Any CPU.ActiveCfg = Release|Any CPU
		{39468558-027B-4C70-926F-31F0598CB95A}.Release|Any CPU.Build.0 = Release|Any CPU
		{39468558-027B-4C70-926F-31F0598CB95A}.Release|iPhone.ActiveCfg = Release|Any CPU
		{39468558-027B-4C70-926F-31F0598CB95A}.Release|iPhone.Build.0 = Release|Any CPU
		{39468558-027B-4C70-926F-31F0598CB95A}.Release|iPhoneSimulator.ActiveCfg = Release|Any CPU
		{39468558-027B-4C70-926F-31F0598CB95A}.Release|iPhoneSimulator.Build.0 = Release|Any CPU
		{067456C0-086C-46A8-B37F-1405717B7BFC}.Ad-Hoc|Any CPU.ActiveCfg = Release|Any CPU
		{067456C0-086C-46A8-B37F-1405717B7BFC}.Ad-Hoc|Any CPU.Build.0 = Release|Any CPU
		{067456C0-086C-46A8-B37F-1405717B7BFC}.Ad-Hoc|iPhone.ActiveCfg = Release|Any CPU
		{067456C0-086C-46A8-B37F-1405717B7BFC}.Ad-Hoc|iPhone.Build.0 = Release|Any CPU
		{067456C0-086C-46A8-B37F-1405717B7BFC}.Ad-Hoc|iPhoneSimulator.ActiveCfg = Release|Any CPU
		{067456C0-086C-46A8-B37F-1405717B7BFC}.Ad-Hoc|iPhoneSimulator.Build.0 = Release|Any CPU
		{067456C0-086C-46A8-B37F-1405717B7BFC}.AppStore|Any CPU.ActiveCfg = Release|Any CPU
		{067456C0-086C-46A8-B37F-1405717B7BFC}.AppStore|Any CPU.Build.0 = Release|Any CPU
		{067456C0-086C-46A8-B37F-1405717B7BFC}.AppStore|iPhone.ActiveCfg = Release|Any CPU
		{067456C0-086C-46A8-B37F-1405717B7BFC}.AppStore|iPhone.Build.0 = Release|Any CPU
		{067456C0-086C-46A8-B37F-1405717B7BFC}.AppStore|iPhoneSimulator.ActiveCfg = Release|Any CPU
		{067456C0-086C-46A8-B37F-1405717B7BFC}.AppStore|iPhoneSimulator.Build.0 = Release|Any CPU
		{067456C0-086C-46A8-B37F-1405717B7BFC}.Debug|Any CPU.ActiveCfg = Debug|Any CPU
		{067456C0-086C-46A8-B37F-1405717B7BFC}.Debug|Any CPU.Build.0 = Debug|Any CPU
		{067456C0-086C-46A8-B37F-1405717B7BFC}.Debug|iPhone.ActiveCfg = Debug|Any CPU
		{067456C0-086C-46A8-B37F-1405717B7BFC}.Debug|iPhone.Build.0 = Debug|Any CPU
		{067456C0-086C-46A8-B37F-1405717B7BFC}.Debug|iPhoneSimulator.ActiveCfg = Debug|Any CPU
		{067456C0-086C-46A8-B37F-1405717B7BFC}.Debug|iPhoneSimulator.Build.0 = Debug|Any CPU
		{067456C0-086C-46A8-B37F-1405717B7BFC}.Release|Any CPU.ActiveCfg = Release|Any CPU
		{067456C0-086C-46A8-B37F-1405717B7BFC}.Release|Any CPU.Build.0 = Release|Any CPU
		{067456C0-086C-46A8-B37F-1405717B7BFC}.Release|iPhone.ActiveCfg = Release|Any CPU
		{067456C0-086C-46A8-B37F-1405717B7BFC}.Release|iPhone.Build.0 = Release|Any CPU
		{067456C0-086C-46A8-B37F-1405717B7BFC}.Release|iPhoneSimulator.ActiveCfg = Release|Any CPU
		{067456C0-086C-46A8-B37F-1405717B7BFC}.Release|iPhoneSimulator.Build.0 = Release|Any CPU
		{E24205A2-8839-4AD1-AA3A-1F5CB0A5B586}.Ad-Hoc|Any CPU.ActiveCfg = Release|Any CPU
		{E24205A2-8839-4AD1-AA3A-1F5CB0A5B586}.Ad-Hoc|Any CPU.Build.0 = Release|Any CPU
		{E24205A2-8839-4AD1-AA3A-1F5CB0A5B586}.Ad-Hoc|iPhone.ActiveCfg = Release|Any CPU
		{E24205A2-8839-4AD1-AA3A-1F5CB0A5B586}.Ad-Hoc|iPhone.Build.0 = Release|Any CPU
		{E24205A2-8839-4AD1-AA3A-1F5CB0A5B586}.Ad-Hoc|iPhoneSimulator.ActiveCfg = Release|Any CPU
		{E24205A2-8839-4AD1-AA3A-1F5CB0A5B586}.Ad-Hoc|iPhoneSimulator.Build.0 = Release|Any CPU
		{E24205A2-8839-4AD1-AA3A-1F5CB0A5B586}.AppStore|Any CPU.ActiveCfg = Release|Any CPU
		{E24205A2-8839-4AD1-AA3A-1F5CB0A5B586}.AppStore|Any CPU.Build.0 = Release|Any CPU
		{E24205A2-8839-4AD1-AA3A-1F5CB0A5B586}.AppStore|iPhone.ActiveCfg = Release|Any CPU
		{E24205A2-8839-4AD1-AA3A-1F5CB0A5B586}.AppStore|iPhone.Build.0 = Release|Any CPU
		{E24205A2-8839-4AD1-AA3A-1F5CB0A5B586}.AppStore|iPhoneSimulator.ActiveCfg = Release|Any CPU
		{E24205A2-8839-4AD1-AA3A-1F5CB0A5B586}.AppStore|iPhoneSimulator.Build.0 = Release|Any CPU
		{E24205A2-8839-4AD1-AA3A-1F5CB0A5B586}.Debug|Any CPU.ActiveCfg = Debug|Any CPU
		{E24205A2-8839-4AD1-AA3A-1F5CB0A5B586}.Debug|Any CPU.Build.0 = Debug|Any CPU
		{E24205A2-8839-4AD1-AA3A-1F5CB0A5B586}.Debug|iPhone.ActiveCfg = Debug|Any CPU
		{E24205A2-8839-4AD1-AA3A-1F5CB0A5B586}.Debug|iPhone.Build.0 = Debug|Any CPU
		{E24205A2-8839-4AD1-AA3A-1F5CB0A5B586}.Debug|iPhoneSimulator.ActiveCfg = Debug|Any CPU
		{E24205A2-8839-4AD1-AA3A-1F5CB0A5B586}.Debug|iPhoneSimulator.Build.0 = Debug|Any CPU
		{E24205A2-8839-4AD1-AA3A-1F5CB0A5B586}.Release|Any CPU.ActiveCfg = Release|Any CPU
		{E24205A2-8839-4AD1-AA3A-1F5CB0A5B586}.Release|Any CPU.Build.0 = Release|Any CPU
		{E24205A2-8839-4AD1-AA3A-1F5CB0A5B586}.Release|iPhone.ActiveCfg = Release|Any CPU
		{E24205A2-8839-4AD1-AA3A-1F5CB0A5B586}.Release|iPhone.Build.0 = Release|Any CPU
		{E24205A2-8839-4AD1-AA3A-1F5CB0A5B586}.Release|iPhoneSimulator.ActiveCfg = Release|Any CPU
		{E24205A2-8839-4AD1-AA3A-1F5CB0A5B586}.Release|iPhoneSimulator.Build.0 = Release|Any CPU
		{D4FA52FC-6491-4D17-BC9C-F75398FDAF00}.Ad-Hoc|Any CPU.ActiveCfg = Release|Any CPU
		{D4FA52FC-6491-4D17-BC9C-F75398FDAF00}.Ad-Hoc|Any CPU.Build.0 = Release|Any CPU
		{D4FA52FC-6491-4D17-BC9C-F75398FDAF00}.Ad-Hoc|iPhone.ActiveCfg = Release|Any CPU
		{D4FA52FC-6491-4D17-BC9C-F75398FDAF00}.Ad-Hoc|iPhone.Build.0 = Release|Any CPU
		{D4FA52FC-6491-4D17-BC9C-F75398FDAF00}.Ad-Hoc|iPhoneSimulator.ActiveCfg = Release|Any CPU
		{D4FA52FC-6491-4D17-BC9C-F75398FDAF00}.Ad-Hoc|iPhoneSimulator.Build.0 = Release|Any CPU
		{D4FA52FC-6491-4D17-BC9C-F75398FDAF00}.AppStore|Any CPU.ActiveCfg = Release|Any CPU
		{D4FA52FC-6491-4D17-BC9C-F75398FDAF00}.AppStore|Any CPU.Build.0 = Release|Any CPU
		{D4FA52FC-6491-4D17-BC9C-F75398FDAF00}.AppStore|iPhone.ActiveCfg = Release|Any CPU
		{D4FA52FC-6491-4D17-BC9C-F75398FDAF00}.AppStore|iPhone.Build.0 = Release|Any CPU
		{D4FA52FC-6491-4D17-BC9C-F75398FDAF00}.AppStore|iPhoneSimulator.ActiveCfg = Release|Any CPU
		{D4FA52FC-6491-4D17-BC9C-F75398FDAF00}.AppStore|iPhoneSimulator.Build.0 = Release|Any CPU
		{D4FA52FC-6491-4D17-BC9C-F75398FDAF00}.Debug|Any CPU.ActiveCfg = Debug|Any CPU
		{D4FA52FC-6491-4D17-BC9C-F75398FDAF00}.Debug|Any CPU.Build.0 = Debug|Any CPU
		{D4FA52FC-6491-4D17-BC9C-F75398FDAF00}.Debug|iPhone.ActiveCfg = Debug|Any CPU
		{D4FA52FC-6491-4D17-BC9C-F75398FDAF00}.Debug|iPhone.Build.0 = Debug|Any CPU
		{D4FA52FC-6491-4D17-BC9C-F75398FDAF00}.Debug|iPhoneSimulator.ActiveCfg = Debug|Any CPU
		{D4FA52FC-6491-4D17-BC9C-F75398FDAF00}.Debug|iPhoneSimulator.Build.0 = Debug|Any CPU
		{D4FA52FC-6491-4D17-BC9C-F75398FDAF00}.Release|Any CPU.ActiveCfg = Release|Any CPU
		{D4FA52FC-6491-4D17-BC9C-F75398FDAF00}.Release|Any CPU.Build.0 = Release|Any CPU
		{D4FA52FC-6491-4D17-BC9C-F75398FDAF00}.Release|iPhone.ActiveCfg = Release|Any CPU
		{D4FA52FC-6491-4D17-BC9C-F75398FDAF00}.Release|iPhone.Build.0 = Release|Any CPU
		{D4FA52FC-6491-4D17-BC9C-F75398FDAF00}.Release|iPhoneSimulator.ActiveCfg = Release|Any CPU
		{D4FA52FC-6491-4D17-BC9C-F75398FDAF00}.Release|iPhoneSimulator.Build.0 = Release|Any CPU
		{7BB422B1-70A2-43D9-A5FF-0DF0E22697CB}.Ad-Hoc|Any CPU.ActiveCfg = Release|Any CPU
		{7BB422B1-70A2-43D9-A5FF-0DF0E22697CB}.Ad-Hoc|Any CPU.Build.0 = Release|Any CPU
		{7BB422B1-70A2-43D9-A5FF-0DF0E22697CB}.Ad-Hoc|iPhone.ActiveCfg = Release|Any CPU
		{7BB422B1-70A2-43D9-A5FF-0DF0E22697CB}.Ad-Hoc|iPhone.Build.0 = Release|Any CPU
		{7BB422B1-70A2-43D9-A5FF-0DF0E22697CB}.Ad-Hoc|iPhoneSimulator.ActiveCfg = Release|Any CPU
		{7BB422B1-70A2-43D9-A5FF-0DF0E22697CB}.Ad-Hoc|iPhoneSimulator.Build.0 = Release|Any CPU
		{7BB422B1-70A2-43D9-A5FF-0DF0E22697CB}.AppStore|Any CPU.ActiveCfg = Release|Any CPU
		{7BB422B1-70A2-43D9-A5FF-0DF0E22697CB}.AppStore|Any CPU.Build.0 = Release|Any CPU
		{7BB422B1-70A2-43D9-A5FF-0DF0E22697CB}.AppStore|iPhone.ActiveCfg = Release|Any CPU
		{7BB422B1-70A2-43D9-A5FF-0DF0E22697CB}.AppStore|iPhone.Build.0 = Release|Any CPU
		{7BB422B1-70A2-43D9-A5FF-0DF0E22697CB}.AppStore|iPhoneSimulator.ActiveCfg = Release|Any CPU
		{7BB422B1-70A2-43D9-A5FF-0DF0E22697CB}.AppStore|iPhoneSimulator.Build.0 = Release|Any CPU
		{7BB422B1-70A2-43D9-A5FF-0DF0E22697CB}.Debug|Any CPU.ActiveCfg = Debug|Any CPU
		{7BB422B1-70A2-43D9-A5FF-0DF0E22697CB}.Debug|Any CPU.Build.0 = Debug|Any CPU
		{7BB422B1-70A2-43D9-A5FF-0DF0E22697CB}.Debug|iPhone.ActiveCfg = Debug|Any CPU
		{7BB422B1-70A2-43D9-A5FF-0DF0E22697CB}.Debug|iPhone.Build.0 = Debug|Any CPU
		{7BB422B1-70A2-43D9-A5FF-0DF0E22697CB}.Debug|iPhoneSimulator.ActiveCfg = Debug|Any CPU
		{7BB422B1-70A2-43D9-A5FF-0DF0E22697CB}.Debug|iPhoneSimulator.Build.0 = Debug|Any CPU
		{7BB422B1-70A2-43D9-A5FF-0DF0E22697CB}.Release|Any CPU.ActiveCfg = Release|Any CPU
		{7BB422B1-70A2-43D9-A5FF-0DF0E22697CB}.Release|Any CPU.Build.0 = Release|Any CPU
		{7BB422B1-70A2-43D9-A5FF-0DF0E22697CB}.Release|iPhone.ActiveCfg = Release|Any CPU
		{7BB422B1-70A2-43D9-A5FF-0DF0E22697CB}.Release|iPhone.Build.0 = Release|Any CPU
		{7BB422B1-70A2-43D9-A5FF-0DF0E22697CB}.Release|iPhoneSimulator.ActiveCfg = Release|Any CPU
		{7BB422B1-70A2-43D9-A5FF-0DF0E22697CB}.Release|iPhoneSimulator.Build.0 = Release|Any CPU
	EndGlobalSection
	GlobalSection(SolutionProperties) = preSolution
		HideSolutionNode = FALSE
	EndGlobalSection
	GlobalSection(NestedProjects) = preSolution
		{D05A3150-45C5-4C6E-B5CF-D618127EEEF1} = {D5BAB782-F46D-4015-9D43-3506DB1A179B}
		{507A3CE6-4B10-4065-94B3-F59B89E3E4FC} = {D5BAB782-F46D-4015-9D43-3506DB1A179B}
		{7F4AAB8B-1079-470A-A780-51E1DE947C60} = {D5BAB782-F46D-4015-9D43-3506DB1A179B}
		{56830CF6-E58F-4E42-A908-A78A1F6AA62E} = {B3A381C6-1448-4D5B-A295-64C36DF9DB93}
		{E10F53E6-DC72-42DC-A3AF-9505D715BA59} = {B3A381C6-1448-4D5B-A295-64C36DF9DB93}
		{39468558-027B-4C70-926F-31F0598CB95A} = {8D5146B1-66C8-4F65-A4B4-7B6A30A8A765}
		{067456C0-086C-46A8-B37F-1405717B7BFC} = {A358A4EA-71BC-4838-A991-13EB3F83ADF0}
		{E24205A2-8839-4AD1-AA3A-1F5CB0A5B586} = {B3A381C6-1448-4D5B-A295-64C36DF9DB93}
		{D4FA52FC-6491-4D17-BC9C-F75398FDAF00} = {B3A381C6-1448-4D5B-A295-64C36DF9DB93}
		{7BB422B1-70A2-43D9-A5FF-0DF0E22697CB} = {A358A4EA-71BC-4838-A991-13EB3F83ADF0}
	EndGlobalSection
	GlobalSection(TeamFoundationVersionControl) = preSolution
		SccNumberOfProjects = 11
		SccEnterpriseProvider = {4CA58AB2-18FA-4F8D-95D4-32DDF27D184C}
		SccTeamFoundationServer = http://tfs.tss.com.pe:8080/tfs/xpo
		SccLocalPath0 = .
		SccProjectUniqueName1 = Amigo.Tenant.Mobile.Droid\\Amigo.Tenant.Mobile.Droid.csproj
		SccProjectTopLevelParentUniqueName1 = Amigo.Tenant.sln
		SccProjectName1 = Amigo.Tenant.Mobile.Droid
		SccLocalPath1 = Amigo.Tenant.Mobile.Droid
		SccProjectUniqueName2 = Amigo.Tenant.Mobile.Entity\\Amigo.Tenant.Mobile.Entity.csproj
		SccProjectTopLevelParentUniqueName2 = Amigo.Tenant.sln
		SccProjectName2 = Amigo.Tenant.Mobile.Entity
		SccLocalPath2 = Amigo.Tenant.Mobile.Entity
		SccProjectUniqueName3 = Amigo.Tenant.Mobile.Infrastructure\\Amigo.Tenant.Mobile.Infrastructure.csproj
		SccProjectTopLevelParentUniqueName3 = Amigo.Tenant.sln
		SccProjectName3 = Amigo.Tenant.Mobile.Infrastructure
		SccLocalPath3 = Amigo.Tenant.Mobile.Infrastructure
		SccProjectUniqueName4 = Amigo.Tenant.Mobile.iOS\\Amigo.Tenant.Mobile.iOS.csproj
		SccProjectTopLevelParentUniqueName4 = Amigo.Tenant.sln
		SccProjectName4 = Amigo.Tenant.Mobile.iOS
		SccLocalPath4 = Amigo.Tenant.Mobile.iOS
		SccProjectUniqueName5 = Amigo.Tenant.Mobile.UnitTest\\Amigo.Tenant.Mobile.UnitTest.csproj
		SccProjectTopLevelParentUniqueName5 = Amigo.Tenant.sln
		SccProjectName5 = Amigo.Tenant.Mobile.UnitTest
		SccLocalPath5 = Amigo.Tenant.Mobile.UnitTest
		SccProjectUniqueName6 = Amigo.Tenant.Mobile\\Amigo.Tenant.Mobile.csproj
		SccProjectTopLevelParentUniqueName6 = Amigo.Tenant.sln
		SccProjectName6 = Amigo.Tenant.Mobile
		SccLocalPath6 = Amigo.Tenant.Mobile
		SccProjectUniqueName7 = Amigo.Tenant.Application.DTOs\\Amigo.Tenant.Application.DTOs.csproj
		SccProjectTopLevelParentUniqueName7 = Amigo.Tenant.sln
		SccProjectName7 = Amigo.Tenant.Application.DTOs
		SccLocalPath7 = Amigo.Tenant.Application.DTOs
		SccProjectUniqueName8 = Amigo.Tenant.Mobile.Domain\\Amigo.Tenant.Mobile.Domain.csproj
		SccProjectTopLevelParentUniqueName8 = Amigo.Tenant.sln
		SccProjectName8 = Amigo.Tenant.Mobile.Domain
		SccLocalPath8 = Amigo.Tenant.Mobile.Domain
		SccProjectUniqueName9 = Amigo.Tenant.Mobile.Common\\Amigo.Tenant.Mobile.Common.csproj
		SccProjectTopLevelParentUniqueName9 = Amigo.Tenant.sln
		SccProjectName9 = Amigo.Tenant.Mobile.Common
		SccLocalPath9 = Amigo.Tenant.Mobile.Common
		SccProjectUniqueName10 = Amigo.Tenant.Mobile.UITesting\\Amigo.Tenant.Mobile.UITesting.csproj
		SccProjectTopLevelParentUniqueName10 = Amigo.Tenant.sln
		SccProjectName10 = Amigo.Tenant.Mobile.UITesting
		SccLocalPath10 = Amigo.Tenant.Mobile.UITesting
	EndGlobalSection
EndGlobal
